{
    "_readme": [
        "This file locks the dependencies of your project to a known state",
        "Read more about it at https://getcomposer.org/doc/01-basic-usage.md#composer-lock-the-lock-file",
        "This file is @generated automatically"
    ],
    "hash": "2f0b67567df333d9c33299599ab5b814",
    "packages": [
        {
            "name": "box/spout",
            "version": "v2.4.4",
            "source": {
                "type": "git",
                "url": "https://github.com/box/spout.git",
                "reference": "e9cd7a397e91e4f6b624a37c3fb73ea605f08e90"
            },
            "dist": {
                "type": "zip",
                "url": "https://api.github.com/repos/box/spout/zipball/e9cd7a397e91e4f6b624a37c3fb73ea605f08e90",
                "reference": "e9cd7a397e91e4f6b624a37c3fb73ea605f08e90",
                "shasum": ""
            },
            "require": {
                "ext-simplexml": "*",
                "ext-xmlreader": "*",
                "ext-zip": "*",
                "php": ">=5.4.0"
            },
            "require-dev": {
                "phpunit/phpunit": ">=3.7",
                "scrutinizer/ocular": "~1.1"
            },
            "suggest": {
                "ext-iconv": "To handle non UTF-8 CSV files (if \"php-intl\" is not already installed or is too limited)",
                "ext-intl": "To handle non UTF-8 CSV files (if \"iconv\" is not already installed)"
            },
            "type": "library",
            "extra": {
                "branch-alias": {
                    "dev-master": "2.5.x-dev"
                }
            },
            "autoload": {
                "psr-4": {
                    "Box\\Spout\\": "src/Spout"
                }
            },
            "notification-url": "https://packagist.org/downloads/",
            "license": [
                "Apache-2.0"
            ],
            "authors": [
                {
                    "name": "Adrien Loison",
                    "email": "adrien@box.com"
                }
            ],
            "description": "PHP Library to read and write spreadsheet files (CSV, XLSX and ODS), in a fast and scalable way",
            "homepage": "https://www.github.com/box/spout",
            "keywords": [
                "OOXML",
                "csv",
                "excel",
                "memory",
                "odf",
                "ods",
                "office",
                "open",
                "php",
                "read",
                "scale",
                "spreadsheet",
                "stream",
                "write",
                "xlsx"
            ],
            "time": "2016-04-12 18:03:15"
        },
        {
            "name": "imangazaliev/didom",
            "version": "1.6.7",
            "source": {
                "type": "git",
                "url": "https://github.com/Imangazaliev/DiDOM.git",
                "reference": "8e29148bbb5c9f1d4ca8e1c4b882e0326a389201"
            },
            "dist": {
                "type": "zip",
                "url": "https://api.github.com/repos/Imangazaliev/DiDOM/zipball/8e29148bbb5c9f1d4ca8e1c4b882e0326a389201",
                "reference": "8e29148bbb5c9f1d4ca8e1c4b882e0326a389201",
                "shasum": ""
            },
            "require": {
                "php": ">=5.4"
            },
            "require-dev": {
                "phpunit/phpunit": "^4.8"
            },
            "type": "library",
            "autoload": {
                "psr-4": {
                    "DiDom\\": "src/DiDom/"
                }
            },
            "notification-url": "https://packagist.org/downloads/",
            "license": [
                "MIT"
            ],
            "authors": [
                {
                    "name": "Imangazaliev Muhammad",
                    "email": "imangazalievm@gmail.com"
                }
            ],
            "description": "Simple and fast HTML parser",
            "homepage": "https://github.com/Imangazaliev/DiDOM",
            "keywords": [
                "didom",
                "html",
                "parser",
                "xml"
            ],
            "time": "2016-04-22 18:01:52"
        }
    ],
    "packages-dev": [],
    "aliases": [],
    "minimum-stability": "stable",
    "stability-flags": [],
    "prefer-stable": false,
    "prefer-lowest": false,
    "platform": [],
    "platform-dev": []
}
